
Microsoft Visual Studio Solution File, Format Version 12.00
# Visual Studio 15
Project("{FAE04EC0-301F-11D3-BF4B-00C04F79EFBC}") = "Unity.Timeline", "Unity.Timeline.csproj", "{07AE1864-8020-73F7-BE49-D4E51C324C44}"
EndProject
Project("{FAE04EC0-301F-11D3-BF4B-00C04F79EFBC}") = "Unity.VisualEffectGraph.Editor", "Unity.VisualEffectGraph.Editor.csproj", "{3A1C2FBC-1D36-EF57-0C8D-0F183A3ECB2B}"
EndProject
Project("{FAE04EC0-301F-11D3-BF4B-00C04F79EFBC}") = "Unity.ShaderGraph.Editor", "Unity.ShaderGraph.Editor.csproj", "{AFFD0C71-90A3-9567-6905-63C7D929B394}"
EndProject
Project("{FAE04EC0-301F-11D3-BF4B-00C04F79EFBC}") = "Unity.RenderPipelines.HighDefinition.Runtime", "Unity.RenderPipelines.HighDefinition.Runtime.csproj", "{58D1FB92-8123-1B4A-4EFD-772FAAEDB175}"
EndProject
Project("{FAE04EC0-301F-11D3-BF4B-00C04F79EFBC}") = "Unity.VisualScripting.Flow", "Unity.VisualScripting.Flow.csproj", "{70E3D521-B308-3E22-EEB7-CCA073F3A7D9}"
EndProject
Project("{FAE04EC0-301F-11D3-BF4B-00C04F79EFBC}") = "UnityEditor.UI", "UnityEditor.UI.csproj", "{209557F7-16C5-81D2-9676-CC793E0D72E5}"
EndProject
Project("{FAE04EC0-301F-11D3-BF4B-00C04F79EFBC}") = "Unity.Timeline.Editor", "Unity.Timeline.Editor.csproj", "{2360BF29-125F-5BF4-A3D5-D77504E3B7EE}"
EndProject
Project("{FAE04EC0-301F-11D3-BF4B-00C04F79EFBC}") = "Unity.PlasticSCM.Editor", "Unity.PlasticSCM.Editor.csproj", "{2528DEE3-9D0A-B446-6BCE-83177A14CEE1}"
EndProject
Project("{FAE04EC0-301F-11D3-BF4B-00C04F79EFBC}") = "Unity.RenderPipelines.Core.Runtime", "Unity.RenderPipelines.Core.Runtime.csproj", "{E3D73F7C-AD06-E99D-980C-A2FDA1A13328}"
EndProject
Project("{FAE04EC0-301F-11D3-BF4B-00C04F79EFBC}") = "Unity.Mathematics", "Unity.Mathematics.csproj", "{48E3E4E7-B4E2-7034-C4D9-628E207DB282}"
EndProject
Project("{FAE04EC0-301F-11D3-BF4B-00C04F79EFBC}") = "Unity.RenderPipelines.Core.Editor", "Unity.RenderPipelines.Core.Editor.csproj", "{D24E6D5C-ADA0-47D9-487A-0120166CB414}"
EndProject
Project("{FAE04EC0-301F-11D3-BF4B-00C04F79EFBC}") = "Unity.VisualScripting.Core.Editor", "Unity.VisualScripting.Core.Editor.csproj", "{EE2E1435-24C5-0777-D5FB-F942F0130382}"
EndProject
Project("{FAE04EC0-301F-11D3-BF4B-00C04F79EFBC}") = "Unity.RenderPipelines.HighDefinition.Editor", "Unity.RenderPipelines.HighDefinition.Editor.csproj", "{CF70B8EC-2503-80D8-ADC8-3FE51588ED6A}"
EndProject
Project("{FAE04EC0-301F-11D3-BF4B-00C04F79EFBC}") = "UnityEditor.TestRunner", "UnityEditor.TestRunner.csproj", "{341D6CCC-83C2-BA27-288E-C2063E8A2C17}"
EndProject
Project("{FAE04EC0-301F-11D3-BF4B-00C04F79EFBC}") = "Unity.InputSystem", "Unity.InputSystem.csproj", "{DDF4F6C2-C403-807A-005F-B40A29B361DC}"
EndProject
Project("{FAE04EC0-301F-11D3-BF4B-00C04F79EFBC}") = "Unity.TextMeshPro.Editor", "Unity.TextMeshPro.Editor.csproj", "{EAADEBC0-16BD-821E-8A3D-F9D13A1DCC0B}"
EndProject
Project("{FAE04EC0-301F-11D3-BF4B-00C04F79EFBC}") = "Unity.VisualScripting.Flow.Editor", "Unity.VisualScripting.Flow.Editor.csproj", "{00FF6E7A-F33F-889C-2766-7F90BC2F6897}"
EndProject
Project("{FAE04EC0-301F-11D3-BF4B-00C04F79EFBC}") = "UnityEngine.TestRunner", "UnityEngine.TestRunner.csproj", "{B8435A4B-9897-4487-671E-F9DF77EC9D1B}"
EndProject
Project("{FAE04EC0-301F-11D3-BF4B-00C04F79EFBC}") = "Unity.VisualScripting.Core", "Unity.VisualScripting.Core.csproj", "{43E9D90C-002B-1C2F-41C5-AB9DCDABCC13}"
EndProject
Project("{FAE04EC0-301F-11D3-BF4B-00C04F79EFBC}") = "Ink-Libraries", "Ink-Libraries.csproj", "{33F35827-20D6-932A-9357-4543197B49E1}"
EndProject
Project("{FAE04EC0-301F-11D3-BF4B-00C04F79EFBC}") = "Unity.Searcher.Editor", "Unity.Searcher.Editor.csproj", "{ABB71738-C764-4E81-137E-66EC8C8957EE}"
EndProject
Project("{FAE04EC0-301F-11D3-BF4B-00C04F79EFBC}") = "Unity.Burst", "Unity.Burst.csproj", "{7927BFA7-7272-9379-B845-34D3C9B34C6C}"
EndProject
Project("{FAE04EC0-301F-11D3-BF4B-00C04F79EFBC}") = "Unity.Tutorials.Core.Editor", "Unity.Tutorials.Core.Editor.csproj", "{3942DAE4-392B-6BD0-3EBF-CA01D08BC79C}"
EndProject
Project("{FAE04EC0-301F-11D3-BF4B-00C04F79EFBC}") = "Cinemachine", "Cinemachine.csproj", "{19B42FD9-B0D4-71E3-9FFA-8CD1DEC5A3BB}"
EndProject
Project("{FAE04EC0-301F-11D3-BF4B-00C04F79EFBC}") = "Unity.VisualStudio.Editor", "Unity.VisualStudio.Editor.csproj", "{A4A0BCBC-65D7-C2A0-5447-99A07E59B2C2}"
EndProject
Project("{FAE04EC0-301F-11D3-BF4B-00C04F79EFBC}") = "Unity.TestTools.CodeCoverage.Editor.OpenCover.Model", "Unity.TestTools.CodeCoverage.Editor.OpenCover.Model.csproj", "{7D5E4B7F-52C0-B04A-8F53-2F455C79E2C1}"
EndProject
Project("{FAE04EC0-301F-11D3-BF4B-00C04F79EFBC}") = "Unity.Rider.Editor", "Unity.Rider.Editor.csproj", "{5F1F7B15-19CD-8897-1115-DC752B8111EF}"
EndProject
Project("{FAE04EC0-301F-11D3-BF4B-00C04F79EFBC}") = "Unity.VisualEffectGraph.Runtime", "Unity.VisualEffectGraph.Runtime.csproj", "{2FA4CC79-F923-FF2F-7C5E-FC4FB8F05598}"
EndProject
Project("{FAE04EC0-301F-11D3-BF4B-00C04F79EFBC}") = "Unity.VisualScripting.State.Editor", "Unity.VisualScripting.State.Editor.csproj", "{CE10D71A-A173-28AB-E9A8-9B77646DD5F3}"
EndProject
Project("{FAE04EC0-301F-11D3-BF4B-00C04F79EFBC}") = "com.unity.cinemachine.editor", "com.unity.cinemachine.editor.csproj", "{6143B72F-058E-248A-E5A2-89EF924FF308}"
EndProject
Project("{FAE04EC0-301F-11D3-BF4B-00C04F79EFBC}") = "UnityEngine.UI", "UnityEngine.UI.csproj", "{C179F366-FFD8-FDB5-EFF1-D04E672BAF93}"
EndProject
Project("{FAE04EC0-301F-11D3-BF4B-00C04F79EFBC}") = "Unity.TestTools.CodeCoverage.Editor", "Unity.TestTools.CodeCoverage.Editor.csproj", "{88463EA2-18D6-9A15-0C66-5A749711F2FA}"
EndProject
Project("{FAE04EC0-301F-11D3-BF4B-00C04F79EFBC}") = "Unity.Burst.CodeGen", "Unity.Burst.CodeGen.csproj", "{0B935C9D-5CBB-5820-8099-4FA45857103C}"
EndProject
Project("{FAE04EC0-301F-11D3-BF4B-00C04F79EFBC}") = "Unity.VisualScripting.State", "Unity.VisualScripting.State.csproj", "{C513254C-17F7-F477-69D0-5DD9346321B2}"
EndProject
Project("{FAE04EC0-301F-11D3-BF4B-00C04F79EFBC}") = "Unity.TextMeshPro", "Unity.TextMeshPro.csproj", "{90DA8BDF-0845-16CB-E5D3-D2294766DB7F}"
EndProject
Project("{FAE04EC0-301F-11D3-BF4B-00C04F79EFBC}") = "Unity.Performance.Profile-Analyzer.Editor", "Unity.Performance.Profile-Analyzer.Editor.csproj", "{462063BB-3782-6F5F-037E-C09C6499E07C}"
EndProject
Project("{FAE04EC0-301F-11D3-BF4B-00C04F79EFBC}") = "Unity.VisualScripting.SettingsProvider.Editor", "Unity.VisualScripting.SettingsProvider.Editor.csproj", "{3681DC65-CDE9-872B-2924-956744315F9F}"
EndProject
Project("{FAE04EC0-301F-11D3-BF4B-00C04F79EFBC}") = "Unity.VSCode.Editor", "Unity.VSCode.Editor.csproj", "{1317D03B-0E7F-3287-2CBB-4034AE5415BF}"
EndProject
Project("{FAE04EC0-301F-11D3-BF4B-00C04F79EFBC}") = "InkEditor", "InkEditor.csproj", "{C0507F99-A4CF-64E2-42FD-42A306764C19}"
EndProject
Project("{FAE04EC0-301F-11D3-BF4B-00C04F79EFBC}") = "Unity.Burst.Editor", "Unity.Burst.Editor.csproj", "{F0B8DCC7-6242-4A44-E08C-86CA4A6AE4DF}"
EndProject
Project("{FAE04EC0-301F-11D3-BF4B-00C04F79EFBC}") = "Unity.TestTools.CodeCoverage.Editor.OpenCover.Mono.Reflection", "Unity.TestTools.CodeCoverage.Editor.OpenCover.Mono.Reflection.csproj", "{C2156D9F-649E-C3F9-0C66-E0829CCA5BFD}"
EndProject
Project("{FAE04EC0-301F-11D3-BF4B-00C04F79EFBC}") = "Unity.Settings.Editor", "Unity.Settings.Editor.csproj", "{80115952-F258-451F-8ABE-62C8EB2E35AD}"
EndProject
Project("{FAE04EC0-301F-11D3-BF4B-00C04F79EFBC}") = "Unity.InternalAPIEngineBridge.007", "Unity.InternalAPIEngineBridge.007.csproj", "{E67F0AB1-20ED-9F13-EA4A-119F15FEEAEA}"
EndProject
Project("{FAE04EC0-301F-11D3-BF4B-00C04F79EFBC}") = "Unity.InternalAPIEditorBridge.007", "Unity.InternalAPIEditorBridge.007.csproj", "{F15D3B9A-56C5-A744-882E-5F738800D9B3}"
EndProject
Project("{FAE04EC0-301F-11D3-BF4B-00C04F79EFBC}") = "Assembly-CSharp", "Assembly-CSharp.csproj", "{E1CE1FEE-67BE-6533-73AA-CC578BE80DCD}"
EndProject
Project("{FAE04EC0-301F-11D3-BF4B-00C04F79EFBC}") = "Unity.InputSystem.ForUI", "Unity.InputSystem.ForUI.csproj", "{3C469A3B-468B-6282-2BB5-53714A969D33}"
EndProject
Project("{FAE04EC0-301F-11D3-BF4B-00C04F79EFBC}") = "Unity.Mathematics.Editor", "Unity.Mathematics.Editor.csproj", "{93300906-2A3B-67AC-636A-F33B6054F86A}"
EndProject
Project("{FAE04EC0-301F-11D3-BF4B-00C04F79EFBC}") = "Unity.Tutorials.Core", "Unity.Tutorials.Core.csproj", "{04C2DDDC-1895-322A-2CAC-86A8747FDA7C}"
EndProject
Project("{FAE04EC0-301F-11D3-BF4B-00C04F79EFBC}") = "Unity.InputSystem.TestFramework", "Unity.InputSystem.TestFramework.csproj", "{F5131844-EE34-6E9E-299B-797D4415B559}"
EndProject
Project("{FAE04EC0-301F-11D3-BF4B-00C04F79EFBC}") = "Unity.ShaderGraph.Utilities", "Unity.ShaderGraph.Utilities.csproj", "{0DDA617E-25A3-113E-2D71-8D313909427F}"
EndProject
Project("{FAE04EC0-301F-11D3-BF4B-00C04F79EFBC}") = "Unity.VisualScripting.Shared.Editor", "Unity.VisualScripting.Shared.Editor.csproj", "{2314C1A8-3926-854B-8106-ABE672E4B296}"
EndProject
Project("{FAE04EC0-301F-11D3-BF4B-00C04F79EFBC}") = "Unity.EditorCoroutines.Editor", "Unity.EditorCoroutines.Editor.csproj", "{C649F7B6-2770-2086-EA6A-3E373CC31377}"
EndProject
Project("{FAE04EC0-301F-11D3-BF4B-00C04F79EFBC}") = "Assembly-CSharp-Editor", "Assembly-CSharp-Editor.csproj", "{D639510A-B7C0-C64D-F6AD-66CC4ECACC64}"
EndProject
Project("{FAE04EC0-301F-11D3-BF4B-00C04F79EFBC}") = "Unity.RenderPipelines.HighDefinition.Config.Runtime", "Unity.RenderPipelines.HighDefinition.Config.Runtime.csproj", "{69F33025-1B63-BC58-0BC9-7C0D09E9930D}"
EndProject
Project("{FAE04EC0-301F-11D3-BF4B-00C04F79EFBC}") = "Unity.CollabProxy.Editor", "Unity.CollabProxy.Editor.csproj", "{19D1B775-9C9C-584C-A493-59535127684B}"
EndProject
Project("{FAE04EC0-301F-11D3-BF4B-00C04F79EFBC}") = "Unity.RenderPipelines.ShaderGraph.ShaderGraphLibrary", "Unity.RenderPipelines.ShaderGraph.ShaderGraphLibrary.csproj", "{989CF475-BB8C-6570-6099-3236BC68F7BC}"
EndProject
Project("{FAE04EC0-301F-11D3-BF4B-00C04F79EFBC}") = "Unity.RenderPipelines.Core.ShaderLibrary", "Unity.RenderPipelines.Core.ShaderLibrary.csproj", "{F7A7F0A7-7AAE-D048-6048-67AE909309AE}"
EndProject
Project("{FAE04EC0-301F-11D3-BF4B-00C04F79EFBC}") = "Unity.Timeline", "Unity.Timeline.Player.csproj", "{0822C50A-3649-3C23-D461-7C238E85792F}"
EndProject
Project("{FAE04EC0-301F-11D3-BF4B-00C04F79EFBC}") = "Unity.RenderPipelines.HighDefinition.Runtime", "Unity.RenderPipelines.HighDefinition.Runtime.Player.csproj", "{E7B6CA10-60EB-E6D9-EE01-892036D8BECD}"
EndProject
Project("{FAE04EC0-301F-11D3-BF4B-00C04F79EFBC}") = "Unity.VisualScripting.Flow", "Unity.VisualScripting.Flow.Player.csproj", "{551C9C11-4A99-3ACD-17DA-ED5EE130849F}"
EndProject
Project("{FAE04EC0-301F-11D3-BF4B-00C04F79EFBC}") = "Unity.RenderPipelines.Core.Runtime", "Unity.RenderPipelines.Core.Runtime.Player.csproj", "{451DCFAD-3CA4-6C32-903D-662900D4864F}"
EndProject
Project("{FAE04EC0-301F-11D3-BF4B-00C04F79EFBC}") = "Unity.Mathematics", "Unity.Mathematics.Player.csproj", "{42376192-0F71-C5A1-5EE3-D58D2BA0F80E}"
EndProject
Project("{FAE04EC0-301F-11D3-BF4B-00C04F79EFBC}") = "Unity.InputSystem", "Unity.InputSystem.Player.csproj", "{E8812F84-9B7D-C69A-316B-FB90969AC04F}"
EndProject
Project("{FAE04EC0-301F-11D3-BF4B-00C04F79EFBC}") = "UnityEngine.TestRunner", "UnityEngine.TestRunner.Player.csproj", "{F8399FB3-5417-06C3-80B4-80E2109E9B4C}"
EndProject
Project("{FAE04EC0-301F-11D3-BF4B-00C04F79EFBC}") = "Unity.VisualScripting.Core", "Unity.VisualScripting.Core.Player.csproj", "{441016F2-3F6F-F650-40FF-17FBB4E5809B}"
EndProject
Project("{FAE04EC0-301F-11D3-BF4B-00C04F79EFBC}") = "Ink-Libraries", "Ink-Libraries.Player.csproj", "{47C21251-D325-F9FF-613B-6FF7B170CF69}"
EndProject
Project("{FAE04EC0-301F-11D3-BF4B-00C04F79EFBC}") = "Unity.Burst", "Unity.Burst.Player.csproj", "{4541A5B9-D8BA-7FC3-7026-7E1D54958A93}"
EndProject
Project("{FAE04EC0-301F-11D3-BF4B-00C04F79EFBC}") = "Cinemachine", "Cinemachine.Player.csproj", "{5040482E-5255-AB4B-CD42-EA7B1458DE8A}"
EndProject
Project("{FAE04EC0-301F-11D3-BF4B-00C04F79EFBC}") = "Unity.VisualEffectGraph.Runtime", "Unity.VisualEffectGraph.Runtime.Player.csproj", "{77AD900D-FD7D-91B0-F4A5-B7DD3380484D}"
EndProject
Project("{FAE04EC0-301F-11D3-BF4B-00C04F79EFBC}") = "UnityEngine.UI", "UnityEngine.UI.Player.csproj", "{E822E837-EA02-B2E5-8463-A257C056EE98}"
EndProject
Project("{FAE04EC0-301F-11D3-BF4B-00C04F79EFBC}") = "Unity.VisualScripting.State", "Unity.VisualScripting.State.Player.csproj", "{03B321B3-2D66-F8FA-1146-18280AA7144A}"
EndProject
Project("{FAE04EC0-301F-11D3-BF4B-00C04F79EFBC}") = "Unity.TextMeshPro", "Unity.TextMeshPro.Player.csproj", "{BDE0E574-0B79-29A2-E2BC-821920E06B7A}"
EndProject
Project("{FAE04EC0-301F-11D3-BF4B-00C04F79EFBC}") = "Assembly-CSharp", "Assembly-CSharp.Player.csproj", "{BB33860C-FC84-FB00-B1D4-EBEFA97C68DB}"
EndProject
Project("{FAE04EC0-301F-11D3-BF4B-00C04F79EFBC}") = "Unity.InputSystem.ForUI", "Unity.InputSystem.ForUI.Player.csproj", "{E449756D-C7A4-A0B0-E569-7848DE4D4D78}"
EndProject
Project("{FAE04EC0-301F-11D3-BF4B-00C04F79EFBC}") = "Unity.Tutorials.Core", "Unity.Tutorials.Core.Player.csproj", "{CC636E64-5C70-47F5-65EE-4FA42CB81EFB}"
EndProject
Project("{FAE04EC0-301F-11D3-BF4B-00C04F79EFBC}") = "Unity.InputSystem.TestFramework", "Unity.InputSystem.TestFramework.Player.csproj", "{99F1AF99-FE3D-5ECA-9D43-0D43E2A0CD70}"
EndProject
Project("{FAE04EC0-301F-11D3-BF4B-00C04F79EFBC}") = "Unity.RenderPipelines.HighDefinition.Config.Runtime", "Unity.RenderPipelines.HighDefinition.Config.Runtime.Player.csproj", "{F746069B-506D-F1CC-C2C5-0F9902A2DDBB}"
EndProject
Project("{FAE04EC0-301F-11D3-BF4B-00C04F79EFBC}") = "Unity.RenderPipelines.ShaderGraph.ShaderGraphLibrary", "Unity.RenderPipelines.ShaderGraph.ShaderGraphLibrary.Player.csproj", "{66797CC6-2298-C64C-651E-8253E651F0B7}"
EndProject
Project("{FAE04EC0-301F-11D3-BF4B-00C04F79EFBC}") = "Unity.RenderPipelines.Core.ShaderLibrary", "Unity.RenderPipelines.Core.ShaderLibrary.Player.csproj", "{ACAAEF47-9333-5223-5A0E-FE8E980F10DE}"
EndProject
Global
	GlobalSection(SolutionConfigurationPlatforms) = preSolution
		Debug|Any CPU = Debug|Any CPU
		Release|Any CPU = Release|Any CPU
	EndGlobalSection
	GlobalSection(ProjectConfigurationPlatforms) = postSolution
		{07AE1864-8020-73F7-BE49-D4E51C324C44}.Debug|Any CPU.ActiveCfg = Debug|Any CPU
		{07AE1864-8020-73F7-BE49-D4E51C324C44}.Debug|Any CPU.Build.0 = Debug|Any CPU
		{07AE1864-8020-73F7-BE49-D4E51C324C44}.Release|Any CPU.ActiveCfg = Release|Any CPU
		{07AE1864-8020-73F7-BE49-D4E51C324C44}.Release|Any CPU.Build.0 = Release|Any CPU
		{3A1C2FBC-1D36-EF57-0C8D-0F183A3ECB2B}.Debug|Any CPU.ActiveCfg = Debug|Any CPU
		{3A1C2FBC-1D36-EF57-0C8D-0F183A3ECB2B}.Debug|Any CPU.Build.0 = Debug|Any CPU
		{3A1C2FBC-1D36-EF57-0C8D-0F183A3ECB2B}.Release|Any CPU.ActiveCfg = Release|Any CPU
		{3A1C2FBC-1D36-EF57-0C8D-0F183A3ECB2B}.Release|Any CPU.Build.0 = Release|Any CPU
		{AFFD0C71-90A3-9567-6905-63C7D929B394}.Debug|Any CPU.ActiveCfg = Debug|Any CPU
		{AFFD0C71-90A3-9567-6905-63C7D929B394}.Debug|Any CPU.Build.0 = Debug|Any CPU
		{AFFD0C71-90A3-9567-6905-63C7D929B394}.Release|Any CPU.ActiveCfg = Release|Any CPU
		{AFFD0C71-90A3-9567-6905-63C7D929B394}.Release|Any CPU.Build.0 = Release|Any CPU
		{58D1FB92-8123-1B4A-4EFD-772FAAEDB175}.Debug|Any CPU.ActiveCfg = Debug|Any CPU
		{58D1FB92-8123-1B4A-4EFD-772FAAEDB175}.Debug|Any CPU.Build.0 = Debug|Any CPU
		{58D1FB92-8123-1B4A-4EFD-772FAAEDB175}.Release|Any CPU.ActiveCfg = Release|Any CPU
		{58D1FB92-8123-1B4A-4EFD-772FAAEDB175}.Release|Any CPU.Build.0 = Release|Any CPU
		{70E3D521-B308-3E22-EEB7-CCA073F3A7D9}.Debug|Any CPU.ActiveCfg = Debug|Any CPU
		{70E3D521-B308-3E22-EEB7-CCA073F3A7D9}.Debug|Any CPU.Build.0 = Debug|Any CPU
		{70E3D521-B308-3E22-EEB7-CCA073F3A7D9}.Release|Any CPU.ActiveCfg = Release|Any CPU
		{70E3D521-B308-3E22-EEB7-CCA073F3A7D9}.Release|Any CPU.Build.0 = Release|Any CPU
		{209557F7-16C5-81D2-9676-CC793E0D72E5}.Debug|Any CPU.ActiveCfg = Debug|Any CPU
		{209557F7-16C5-81D2-9676-CC793E0D72E5}.Debug|Any CPU.Build.0 = Debug|Any CPU
		{209557F7-16C5-81D2-9676-CC793E0D72E5}.Release|Any CPU.ActiveCfg = Release|Any CPU
		{209557F7-16C5-81D2-9676-CC793E0D72E5}.Release|Any CPU.Build.0 = Release|Any CPU
		{2360BF29-125F-5BF4-A3D5-D77504E3B7EE}.Debug|Any CPU.ActiveCfg = Debug|Any CPU
		{2360BF29-125F-5BF4-A3D5-D77504E3B7EE}.Debug|Any CPU.Build.0 = Debug|Any CPU
		{2360BF29-125F-5BF4-A3D5-D77504E3B7EE}.Release|Any CPU.ActiveCfg = Release|Any CPU
		{2360BF29-125F-5BF4-A3D5-D77504E3B7EE}.Release|Any CPU.Build.0 = Release|Any CPU
		{2528DEE3-9D0A-B446-6BCE-83177A14CEE1}.Debug|Any CPU.ActiveCfg = Debug|Any CPU
		{2528DEE3-9D0A-B446-6BCE-83177A14CEE1}.Debug|Any CPU.Build.0 = Debug|Any CPU
		{2528DEE3-9D0A-B446-6BCE-83177A14CEE1}.Release|Any CPU.ActiveCfg = Release|Any CPU
		{2528DEE3-9D0A-B446-6BCE-83177A14CEE1}.Release|Any CPU.Build.0 = Release|Any CPU
		{E3D73F7C-AD06-E99D-980C-A2FDA1A13328}.Debug|Any CPU.ActiveCfg = Debug|Any CPU
		{E3D73F7C-AD06-E99D-980C-A2FDA1A13328}.Debug|Any CPU.Build.0 = Debug|Any CPU
		{E3D73F7C-AD06-E99D-980C-A2FDA1A13328}.Release|Any CPU.ActiveCfg = Release|Any CPU
		{E3D73F7C-AD06-E99D-980C-A2FDA1A13328}.Release|Any CPU.Build.0 = Release|Any CPU
		{48E3E4E7-B4E2-7034-C4D9-628E207DB282}.Debug|Any CPU.ActiveCfg = Debug|Any CPU
		{48E3E4E7-B4E2-7034-C4D9-628E207DB282}.Debug|Any CPU.Build.0 = Debug|Any CPU
		{48E3E4E7-B4E2-7034-C4D9-628E207DB282}.Release|Any CPU.ActiveCfg = Release|Any CPU
		{48E3E4E7-B4E2-7034-C4D9-628E207DB282}.Release|Any CPU.Build.0 = Release|Any CPU
		{D24E6D5C-ADA0-47D9-487A-0120166CB414}.Debug|Any CPU.ActiveCfg = Debug|Any CPU
		{D24E6D5C-ADA0-47D9-487A-0120166CB414}.Debug|Any CPU.Build.0 = Debug|Any CPU
		{D24E6D5C-ADA0-47D9-487A-0120166CB414}.Release|Any CPU.ActiveCfg = Release|Any CPU
		{D24E6D5C-ADA0-47D9-487A-0120166CB414}.Release|Any CPU.Build.0 = Release|Any CPU
		{EE2E1435-24C5-0777-D5FB-F942F0130382}.Debug|Any CPU.ActiveCfg = Debug|Any CPU
		{EE2E1435-24C5-0777-D5FB-F942F0130382}.Debug|Any CPU.Build.0 = Debug|Any CPU
		{EE2E1435-24C5-0777-D5FB-F942F0130382}.Release|Any CPU.ActiveCfg = Release|Any CPU
		{EE2E1435-24C5-0777-D5FB-F942F0130382}.Release|Any CPU.Build.0 = Release|Any CPU
		{CF70B8EC-2503-80D8-ADC8-3FE51588ED6A}.Debug|Any CPU.ActiveCfg = Debug|Any CPU
		{CF70B8EC-2503-80D8-ADC8-3FE51588ED6A}.Debug|Any CPU.Build.0 = Debug|Any CPU
		{CF70B8EC-2503-80D8-ADC8-3FE51588ED6A}.Release|Any CPU.ActiveCfg = Release|Any CPU
		{CF70B8EC-2503-80D8-ADC8-3FE51588ED6A}.Release|Any CPU.Build.0 = Release|Any CPU
		{341D6CCC-83C2-BA27-288E-C2063E8A2C17}.Debug|Any CPU.ActiveCfg = Debug|Any CPU
		{341D6CCC-83C2-BA27-288E-C2063E8A2C17}.Debug|Any CPU.Build.0 = Debug|Any CPU
		{341D6CCC-83C2-BA27-288E-C2063E8A2C17}.Release|Any CPU.ActiveCfg = Release|Any CPU
		{341D6CCC-83C2-BA27-288E-C2063E8A2C17}.Release|Any CPU.Build.0 = Release|Any CPU
		{DDF4F6C2-C403-807A-005F-B40A29B361DC}.Debug|Any CPU.ActiveCfg = Debug|Any CPU
		{DDF4F6C2-C403-807A-005F-B40A29B361DC}.Debug|Any CPU.Build.0 = Debug|Any CPU
		{DDF4F6C2-C403-807A-005F-B40A29B361DC}.Release|Any CPU.ActiveCfg = Release|Any CPU
		{DDF4F6C2-C403-807A-005F-B40A29B361DC}.Release|Any CPU.Build.0 = Release|Any CPU
		{EAADEBC0-16BD-821E-8A3D-F9D13A1DCC0B}.Debug|Any CPU.ActiveCfg = Debug|Any CPU
		{EAADEBC0-16BD-821E-8A3D-F9D13A1DCC0B}.Debug|Any CPU.Build.0 = Debug|Any CPU
		{EAADEBC0-16BD-821E-8A3D-F9D13A1DCC0B}.Release|Any CPU.ActiveCfg = Release|Any CPU
		{EAADEBC0-16BD-821E-8A3D-F9D13A1DCC0B}.Release|Any CPU.Build.0 = Release|Any CPU
		{00FF6E7A-F33F-889C-2766-7F90BC2F6897}.Debug|Any CPU.ActiveCfg = Debug|Any CPU
		{00FF6E7A-F33F-889C-2766-7F90BC2F6897}.Debug|Any CPU.Build.0 = Debug|Any CPU
		{00FF6E7A-F33F-889C-2766-7F90BC2F6897}.Release|Any CPU.ActiveCfg = Release|Any CPU
		{00FF6E7A-F33F-889C-2766-7F90BC2F6897}.Release|Any CPU.Build.0 = Release|Any CPU
		{B8435A4B-9897-4487-671E-F9DF77EC9D1B}.Debug|Any CPU.ActiveCfg = Debug|Any CPU
		{B8435A4B-9897-4487-671E-F9DF77EC9D1B}.Debug|Any CPU.Build.0 = Debug|Any CPU
		{B8435A4B-9897-4487-671E-F9DF77EC9D1B}.Release|Any CPU.ActiveCfg = Release|Any CPU
		{B8435A4B-9897-4487-671E-F9DF77EC9D1B}.Release|Any CPU.Build.0 = Release|Any CPU
		{43E9D90C-002B-1C2F-41C5-AB9DCDABCC13}.Debug|Any CPU.ActiveCfg = Debug|Any CPU
		{43E9D90C-002B-1C2F-41C5-AB9DCDABCC13}.Debug|Any CPU.Build.0 = Debug|Any CPU
		{43E9D90C-002B-1C2F-41C5-AB9DCDABCC13}.Release|Any CPU.ActiveCfg = Release|Any CPU
		{43E9D90C-002B-1C2F-41C5-AB9DCDABCC13}.Release|Any CPU.Build.0 = Release|Any CPU
		{33F35827-20D6-932A-9357-4543197B49E1}.Debug|Any CPU.ActiveCfg = Debug|Any CPU
		{33F35827-20D6-932A-9357-4543197B49E1}.Debug|Any CPU.Build.0 = Debug|Any CPU
		{33F35827-20D6-932A-9357-4543197B49E1}.Release|Any CPU.ActiveCfg = Release|Any CPU
		{33F35827-20D6-932A-9357-4543197B49E1}.Release|Any CPU.Build.0 = Release|Any CPU
		{ABB71738-C764-4E81-137E-66EC8C8957EE}.Debug|Any CPU.ActiveCfg = Debug|Any CPU
		{ABB71738-C764-4E81-137E-66EC8C8957EE}.Debug|Any CPU.Build.0 = Debug|Any CPU
		{ABB71738-C764-4E81-137E-66EC8C8957EE}.Release|Any CPU.ActiveCfg = Release|Any CPU
		{ABB71738-C764-4E81-137E-66EC8C8957EE}.Release|Any CPU.Build.0 = Release|Any CPU
		{7927BFA7-7272-9379-B845-34D3C9B34C6C}.Debug|Any CPU.ActiveCfg = Debug|Any CPU
		{7927BFA7-7272-9379-B845-34D3C9B34C6C}.Debug|Any CPU.Build.0 = Debug|Any CPU
		{7927BFA7-7272-9379-B845-34D3C9B34C6C}.Release|Any CPU.ActiveCfg = Release|Any CPU
		{7927BFA7-7272-9379-B845-34D3C9B34C6C}.Release|Any CPU.Build.0 = Release|Any CPU
		{3942DAE4-392B-6BD0-3EBF-CA01D08BC79C}.Debug|Any CPU.ActiveCfg = Debug|Any CPU
		{3942DAE4-392B-6BD0-3EBF-CA01D08BC79C}.Debug|Any CPU.Build.0 = Debug|Any CPU
		{3942DAE4-392B-6BD0-3EBF-CA01D08BC79C}.Release|Any CPU.ActiveCfg = Release|Any CPU
		{3942DAE4-392B-6BD0-3EBF-CA01D08BC79C}.Release|Any CPU.Build.0 = Release|Any CPU
		{19B42FD9-B0D4-71E3-9FFA-8CD1DEC5A3BB}.Debug|Any CPU.ActiveCfg = Debug|Any CPU
		{19B42FD9-B0D4-71E3-9FFA-8CD1DEC5A3BB}.Debug|Any CPU.Build.0 = Debug|Any CPU
		{19B42FD9-B0D4-71E3-9FFA-8CD1DEC5A3BB}.Release|Any CPU.ActiveCfg = Release|Any CPU
		{19B42FD9-B0D4-71E3-9FFA-8CD1DEC5A3BB}.Release|Any CPU.Build.0 = Release|Any CPU
		{A4A0BCBC-65D7-C2A0-5447-99A07E59B2C2}.Debug|Any CPU.ActiveCfg = Debug|Any CPU
		{A4A0BCBC-65D7-C2A0-5447-99A07E59B2C2}.Debug|Any CPU.Build.0 = Debug|Any CPU
		{A4A0BCBC-65D7-C2A0-5447-99A07E59B2C2}.Release|Any CPU.ActiveCfg = Release|Any CPU
		{A4A0BCBC-65D7-C2A0-5447-99A07E59B2C2}.Release|Any CPU.Build.0 = Release|Any CPU
		{7D5E4B7F-52C0-B04A-8F53-2F455C79E2C1}.Debug|Any CPU.ActiveCfg = Debug|Any CPU
		{7D5E4B7F-52C0-B04A-8F53-2F455C79E2C1}.Debug|Any CPU.Build.0 = Debug|Any CPU
		{7D5E4B7F-52C0-B04A-8F53-2F455C79E2C1}.Release|Any CPU.ActiveCfg = Release|Any CPU
		{7D5E4B7F-52C0-B04A-8F53-2F455C79E2C1}.Release|Any CPU.Build.0 = Release|Any CPU
		{5F1F7B15-19CD-8897-1115-DC752B8111EF}.Debug|Any CPU.ActiveCfg = Debug|Any CPU
		{5F1F7B15-19CD-8897-1115-DC752B8111EF}.Debug|Any CPU.Build.0 = Debug|Any CPU
		{5F1F7B15-19CD-8897-1115-DC752B8111EF}.Release|Any CPU.ActiveCfg = Release|Any CPU
		{5F1F7B15-19CD-8897-1115-DC752B8111EF}.Release|Any CPU.Build.0 = Release|Any CPU
		{2FA4CC79-F923-FF2F-7C5E-FC4FB8F05598}.Debug|Any CPU.ActiveCfg = Debug|Any CPU
		{2FA4CC79-F923-FF2F-7C5E-FC4FB8F05598}.Debug|Any CPU.Build.0 = Debug|Any CPU
		{2FA4CC79-F923-FF2F-7C5E-FC4FB8F05598}.Release|Any CPU.ActiveCfg = Release|Any CPU
		{2FA4CC79-F923-FF2F-7C5E-FC4FB8F05598}.Release|Any CPU.Build.0 = Release|Any CPU
		{CE10D71A-A173-28AB-E9A8-9B77646DD5F3}.Debug|Any CPU.ActiveCfg = Debug|Any CPU
		{CE10D71A-A173-28AB-E9A8-9B77646DD5F3}.Debug|Any CPU.Build.0 = Debug|Any CPU
		{CE10D71A-A173-28AB-E9A8-9B77646DD5F3}.Release|Any CPU.ActiveCfg = Release|Any CPU
		{CE10D71A-A173-28AB-E9A8-9B77646DD5F3}.Release|Any CPU.Build.0 = Release|Any CPU
		{6143B72F-058E-248A-E5A2-89EF924FF308}.Debug|Any CPU.ActiveCfg = Debug|Any CPU
		{6143B72F-058E-248A-E5A2-89EF924FF308}.Debug|Any CPU.Build.0 = Debug|Any CPU
		{6143B72F-058E-248A-E5A2-89EF924FF308}.Release|Any CPU.ActiveCfg = Release|Any CPU
		{6143B72F-058E-248A-E5A2-89EF924FF308}.Release|Any CPU.Build.0 = Release|Any CPU
		{C179F366-FFD8-FDB5-EFF1-D04E672BAF93}.Debug|Any CPU.ActiveCfg = Debug|Any CPU
		{C179F366-FFD8-FDB5-EFF1-D04E672BAF93}.Debug|Any CPU.Build.0 = Debug|Any CPU
		{C179F366-FFD8-FDB5-EFF1-D04E672BAF93}.Release|Any CPU.ActiveCfg = Release|Any CPU
		{C179F366-FFD8-FDB5-EFF1-D04E672BAF93}.Release|Any CPU.Build.0 = Release|Any CPU
		{88463EA2-18D6-9A15-0C66-5A749711F2FA}.Debug|Any CPU.ActiveCfg = Debug|Any CPU
		{88463EA2-18D6-9A15-0C66-5A749711F2FA}.Debug|Any CPU.Build.0 = Debug|Any CPU
		{88463EA2-18D6-9A15-0C66-5A749711F2FA}.Release|Any CPU.ActiveCfg = Release|Any CPU
		{88463EA2-18D6-9A15-0C66-5A749711F2FA}.Release|Any CPU.Build.0 = Release|Any CPU
		{0B935C9D-5CBB-5820-8099-4FA45857103C}.Debug|Any CPU.ActiveCfg = Debug|Any CPU
		{0B935C9D-5CBB-5820-8099-4FA45857103C}.Debug|Any CPU.Build.0 = Debug|Any CPU
		{0B935C9D-5CBB-5820-8099-4FA45857103C}.Release|Any CPU.ActiveCfg = Release|Any CPU
		{0B935C9D-5CBB-5820-8099-4FA45857103C}.Release|Any CPU.Build.0 = Release|Any CPU
		{C513254C-17F7-F477-69D0-5DD9346321B2}.Debug|Any CPU.ActiveCfg = Debug|Any CPU
		{C513254C-17F7-F477-69D0-5DD9346321B2}.Debug|Any CPU.Build.0 = Debug|Any CPU
		{C513254C-17F7-F477-69D0-5DD9346321B2}.Release|Any CPU.ActiveCfg = Release|Any CPU
		{C513254C-17F7-F477-69D0-5DD9346321B2}.Release|Any CPU.Build.0 = Release|Any CPU
		{90DA8BDF-0845-16CB-E5D3-D2294766DB7F}.Debug|Any CPU.ActiveCfg = Debug|Any CPU
		{90DA8BDF-0845-16CB-E5D3-D2294766DB7F}.Debug|Any CPU.Build.0 = Debug|Any CPU
		{90DA8BDF-0845-16CB-E5D3-D2294766DB7F}.Release|Any CPU.ActiveCfg = Release|Any CPU
		{90DA8BDF-0845-16CB-E5D3-D2294766DB7F}.Release|Any CPU.Build.0 = Release|Any CPU
		{462063BB-3782-6F5F-037E-C09C6499E07C}.Debug|Any CPU.ActiveCfg = Debug|Any CPU
		{462063BB-3782-6F5F-037E-C09C6499E07C}.Debug|Any CPU.Build.0 = Debug|Any CPU
		{462063BB-3782-6F5F-037E-C09C6499E07C}.Release|Any CPU.ActiveCfg = Release|Any CPU
		{462063BB-3782-6F5F-037E-C09C6499E07C}.Release|Any CPU.Build.0 = Release|Any CPU
		{3681DC65-CDE9-872B-2924-956744315F9F}.Debug|Any CPU.ActiveCfg = Debug|Any CPU
		{3681DC65-CDE9-872B-2924-956744315F9F}.Debug|Any CPU.Build.0 = Debug|Any CPU
		{3681DC65-CDE9-872B-2924-956744315F9F}.Release|Any CPU.ActiveCfg = Release|Any CPU
		{3681DC65-CDE9-872B-2924-956744315F9F}.Release|Any CPU.Build.0 = Release|Any CPU
		{1317D03B-0E7F-3287-2CBB-4034AE5415BF}.Debug|Any CPU.ActiveCfg = Debug|Any CPU
		{1317D03B-0E7F-3287-2CBB-4034AE5415BF}.Debug|Any CPU.Build.0 = Debug|Any CPU
		{1317D03B-0E7F-3287-2CBB-4034AE5415BF}.Release|Any CPU.ActiveCfg = Release|Any CPU
		{1317D03B-0E7F-3287-2CBB-4034AE5415BF}.Release|Any CPU.Build.0 = Release|Any CPU
		{C0507F99-A4CF-64E2-42FD-42A306764C19}.Debug|Any CPU.ActiveCfg = Debug|Any CPU
		{C0507F99-A4CF-64E2-42FD-42A306764C19}.Debug|Any CPU.Build.0 = Debug|Any CPU
		{C0507F99-A4CF-64E2-42FD-42A306764C19}.Release|Any CPU.ActiveCfg = Release|Any CPU
		{C0507F99-A4CF-64E2-42FD-42A306764C19}.Release|Any CPU.Build.0 = Release|Any CPU
		{F0B8DCC7-6242-4A44-E08C-86CA4A6AE4DF}.Debug|Any CPU.ActiveCfg = Debug|Any CPU
		{F0B8DCC7-6242-4A44-E08C-86CA4A6AE4DF}.Debug|Any CPU.Build.0 = Debug|Any CPU
		{F0B8DCC7-6242-4A44-E08C-86CA4A6AE4DF}.Release|Any CPU.ActiveCfg = Release|Any CPU
		{F0B8DCC7-6242-4A44-E08C-86CA4A6AE4DF}.Release|Any CPU.Build.0 = Release|Any CPU
		{C2156D9F-649E-C3F9-0C66-E0829CCA5BFD}.Debug|Any CPU.ActiveCfg = Debug|Any CPU
		{C2156D9F-649E-C3F9-0C66-E0829CCA5BFD}.Debug|Any CPU.Build.0 = Debug|Any CPU
		{C2156D9F-649E-C3F9-0C66-E0829CCA5BFD}.Release|Any CPU.ActiveCfg = Release|Any CPU
		{C2156D9F-649E-C3F9-0C66-E0829CCA5BFD}.Release|Any CPU.Build.0 = Release|Any CPU
		{80115952-F258-451F-8ABE-62C8EB2E35AD}.Debug|Any CPU.ActiveCfg = Debug|Any CPU
		{80115952-F258-451F-8ABE-62C8EB2E35AD}.Debug|Any CPU.Build.0 = Debug|Any CPU
		{80115952-F258-451F-8ABE-62C8EB2E35AD}.Release|Any CPU.ActiveCfg = Release|Any CPU
		{80115952-F258-451F-8ABE-62C8EB2E35AD}.Release|Any CPU.Build.0 = Release|Any CPU
		{E67F0AB1-20ED-9F13-EA4A-119F15FEEAEA}.Debug|Any CPU.ActiveCfg = Debug|Any CPU
		{E67F0AB1-20ED-9F13-EA4A-119F15FEEAEA}.Debug|Any CPU.Build.0 = Debug|Any CPU
		{E67F0AB1-20ED-9F13-EA4A-119F15FEEAEA}.Release|Any CPU.ActiveCfg = Release|Any CPU
		{E67F0AB1-20ED-9F13-EA4A-119F15FEEAEA}.Release|Any CPU.Build.0 = Release|Any CPU
		{F15D3B9A-56C5-A744-882E-5F738800D9B3}.Debug|Any CPU.ActiveCfg = Debug|Any CPU
		{F15D3B9A-56C5-A744-882E-5F738800D9B3}.Debug|Any CPU.Build.0 = Debug|Any CPU
		{F15D3B9A-56C5-A744-882E-5F738800D9B3}.Release|Any CPU.ActiveCfg = Release|Any CPU
		{F15D3B9A-56C5-A744-882E-5F738800D9B3}.Release|Any CPU.Build.0 = Release|Any CPU
		{E1CE1FEE-67BE-6533-73AA-CC578BE80DCD}.Debug|Any CPU.ActiveCfg = Debug|Any CPU
		{E1CE1FEE-67BE-6533-73AA-CC578BE80DCD}.Debug|Any CPU.Build.0 = Debug|Any CPU
		{E1CE1FEE-67BE-6533-73AA-CC578BE80DCD}.Release|Any CPU.ActiveCfg = Release|Any CPU
		{E1CE1FEE-67BE-6533-73AA-CC578BE80DCD}.Release|Any CPU.Build.0 = Release|Any CPU
		{3C469A3B-468B-6282-2BB5-53714A969D33}.Debug|Any CPU.ActiveCfg = Debug|Any CPU
		{3C469A3B-468B-6282-2BB5-53714A969D33}.Debug|Any CPU.Build.0 = Debug|Any CPU
		{3C469A3B-468B-6282-2BB5-53714A969D33}.Release|Any CPU.ActiveCfg = Release|Any CPU
		{3C469A3B-468B-6282-2BB5-53714A969D33}.Release|Any CPU.Build.0 = Release|Any CPU
		{93300906-2A3B-67AC-636A-F33B6054F86A}.Debug|Any CPU.ActiveCfg = Debug|Any CPU
		{93300906-2A3B-67AC-636A-F33B6054F86A}.Debug|Any CPU.Build.0 = Debug|Any CPU
		{93300906-2A3B-67AC-636A-F33B6054F86A}.Release|Any CPU.ActiveCfg = Release|Any CPU
		{93300906-2A3B-67AC-636A-F33B6054F86A}.Release|Any CPU.Build.0 = Release|Any CPU
		{04C2DDDC-1895-322A-2CAC-86A8747FDA7C}.Debug|Any CPU.ActiveCfg = Debug|Any CPU
		{04C2DDDC-1895-322A-2CAC-86A8747FDA7C}.Debug|Any CPU.Build.0 = Debug|Any CPU
		{04C2DDDC-1895-322A-2CAC-86A8747FDA7C}.Release|Any CPU.ActiveCfg = Release|Any CPU
		{04C2DDDC-1895-322A-2CAC-86A8747FDA7C}.Release|Any CPU.Build.0 = Release|Any CPU
		{F5131844-EE34-6E9E-299B-797D4415B559}.Debug|Any CPU.ActiveCfg = Debug|Any CPU
		{F5131844-EE34-6E9E-299B-797D4415B559}.Debug|Any CPU.Build.0 = Debug|Any CPU
		{F5131844-EE34-6E9E-299B-797D4415B559}.Release|Any CPU.ActiveCfg = Release|Any CPU
		{F5131844-EE34-6E9E-299B-797D4415B559}.Release|Any CPU.Build.0 = Release|Any CPU
		{0DDA617E-25A3-113E-2D71-8D313909427F}.Debug|Any CPU.ActiveCfg = Debug|Any CPU
		{0DDA617E-25A3-113E-2D71-8D313909427F}.Debug|Any CPU.Build.0 = Debug|Any CPU
		{0DDA617E-25A3-113E-2D71-8D313909427F}.Release|Any CPU.ActiveCfg = Release|Any CPU
		{0DDA617E-25A3-113E-2D71-8D313909427F}.Release|Any CPU.Build.0 = Release|Any CPU
		{2314C1A8-3926-854B-8106-ABE672E4B296}.Debug|Any CPU.ActiveCfg = Debug|Any CPU
		{2314C1A8-3926-854B-8106-ABE672E4B296}.Debug|Any CPU.Build.0 = Debug|Any CPU
		{2314C1A8-3926-854B-8106-ABE672E4B296}.Release|Any CPU.ActiveCfg = Release|Any CPU
		{2314C1A8-3926-854B-8106-ABE672E4B296}.Release|Any CPU.Build.0 = Release|Any CPU
		{C649F7B6-2770-2086-EA6A-3E373CC31377}.Debug|Any CPU.ActiveCfg = Debug|Any CPU
		{C649F7B6-2770-2086-EA6A-3E373CC31377}.Debug|Any CPU.Build.0 = Debug|Any CPU
		{C649F7B6-2770-2086-EA6A-3E373CC31377}.Release|Any CPU.ActiveCfg = Release|Any CPU
		{C649F7B6-2770-2086-EA6A-3E373CC31377}.Release|Any CPU.Build.0 = Release|Any CPU
		{D639510A-B7C0-C64D-F6AD-66CC4ECACC64}.Debug|Any CPU.ActiveCfg = Debug|Any CPU
		{D639510A-B7C0-C64D-F6AD-66CC4ECACC64}.Debug|Any CPU.Build.0 = Debug|Any CPU
		{D639510A-B7C0-C64D-F6AD-66CC4ECACC64}.Release|Any CPU.ActiveCfg = Release|Any CPU
		{D639510A-B7C0-C64D-F6AD-66CC4ECACC64}.Release|Any CPU.Build.0 = Release|Any CPU
		{69F33025-1B63-BC58-0BC9-7C0D09E9930D}.Debug|Any CPU.ActiveCfg = Debug|Any CPU
		{69F33025-1B63-BC58-0BC9-7C0D09E9930D}.Debug|Any CPU.Build.0 = Debug|Any CPU
		{69F33025-1B63-BC58-0BC9-7C0D09E9930D}.Release|Any CPU.ActiveCfg = Release|Any CPU
		{69F33025-1B63-BC58-0BC9-7C0D09E9930D}.Release|Any CPU.Build.0 = Release|Any CPU
		{19D1B775-9C9C-584C-A493-59535127684B}.Debug|Any CPU.ActiveCfg = Debug|Any CPU
		{19D1B775-9C9C-584C-A493-59535127684B}.Debug|Any CPU.Build.0 = Debug|Any CPU
		{19D1B775-9C9C-584C-A493-59535127684B}.Release|Any CPU.ActiveCfg = Release|Any CPU
		{19D1B775-9C9C-584C-A493-59535127684B}.Release|Any CPU.Build.0 = Release|Any CPU
		{989CF475-BB8C-6570-6099-3236BC68F7BC}.Debug|Any CPU.ActiveCfg = Debug|Any CPU
		{989CF475-BB8C-6570-6099-3236BC68F7BC}.Debug|Any CPU.Build.0 = Debug|Any CPU
		{989CF475-BB8C-6570-6099-3236BC68F7BC}.Release|Any CPU.ActiveCfg = Release|Any CPU
		{989CF475-BB8C-6570-6099-3236BC68F7BC}.Release|Any CPU.Build.0 = Release|Any CPU
		{F7A7F0A7-7AAE-D048-6048-67AE909309AE}.Debug|Any CPU.ActiveCfg = Debug|Any CPU
		{F7A7F0A7-7AAE-D048-6048-67AE909309AE}.Debug|Any CPU.Build.0 = Debug|Any CPU
		{F7A7F0A7-7AAE-D048-6048-67AE909309AE}.Release|Any CPU.ActiveCfg = Release|Any CPU
		{F7A7F0A7-7AAE-D048-6048-67AE909309AE}.Release|Any CPU.Build.0 = Release|Any CPU
		{0822C50A-3649-3C23-D461-7C238E85792F}.Debug|Any CPU.ActiveCfg = Debug|Any CPU
		{0822C50A-3649-3C23-D461-7C238E85792F}.Debug|Any CPU.Build.0 = Debug|Any CPU
		{0822C50A-3649-3C23-D461-7C238E85792F}.Release|Any CPU.ActiveCfg = Release|Any CPU
		{0822C50A-3649-3C23-D461-7C238E85792F}.Release|Any CPU.Build.0 = Release|Any CPU
		{E7B6CA10-60EB-E6D9-EE01-892036D8BECD}.Debug|Any CPU.ActiveCfg = Debug|Any CPU
		{E7B6CA10-60EB-E6D9-EE01-892036D8BECD}.Debug|Any CPU.Build.0 = Debug|Any CPU
		{E7B6CA10-60EB-E6D9-EE01-892036D8BECD}.Release|Any CPU.ActiveCfg = Release|Any CPU
		{E7B6CA10-60EB-E6D9-EE01-892036D8BECD}.Release|Any CPU.Build.0 = Release|Any CPU
		{551C9C11-4A99-3ACD-17DA-ED5EE130849F}.Debug|Any CPU.ActiveCfg = Debug|Any CPU
		{551C9C11-4A99-3ACD-17DA-ED5EE130849F}.Debug|Any CPU.Build.0 = Debug|Any CPU
		{551C9C11-4A99-3ACD-17DA-ED5EE130849F}.Release|Any CPU.ActiveCfg = Release|Any CPU
		{551C9C11-4A99-3ACD-17DA-ED5EE130849F}.Release|Any CPU.Build.0 = Release|Any CPU
		{451DCFAD-3CA4-6C32-903D-662900D4864F}.Debug|Any CPU.ActiveCfg = Debug|Any CPU
		{451DCFAD-3CA4-6C32-903D-662900D4864F}.Debug|Any CPU.Build.0 = Debug|Any CPU
		{451DCFAD-3CA4-6C32-903D-662900D4864F}.Release|Any CPU.ActiveCfg = Release|Any CPU
		{451DCFAD-3CA4-6C32-903D-662900D4864F}.Release|Any CPU.Build.0 = Release|Any CPU
		{42376192-0F71-C5A1-5EE3-D58D2BA0F80E}.Debug|Any CPU.ActiveCfg = Debug|Any CPU
		{42376192-0F71-C5A1-5EE3-D58D2BA0F80E}.Debug|Any CPU.Build.0 = Debug|Any CPU
		{42376192-0F71-C5A1-5EE3-D58D2BA0F80E}.Release|Any CPU.ActiveCfg = Release|Any CPU
		{42376192-0F71-C5A1-5EE3-D58D2BA0F80E}.Release|Any CPU.Build.0 = Release|Any CPU
		{E8812F84-9B7D-C69A-316B-FB90969AC04F}.Debug|Any CPU.ActiveCfg = Debug|Any CPU
		{E8812F84-9B7D-C69A-316B-FB90969AC04F}.Debug|Any CPU.Build.0 = Debug|Any CPU
		{E8812F84-9B7D-C69A-316B-FB90969AC04F}.Release|Any CPU.ActiveCfg = Release|Any CPU
		{E8812F84-9B7D-C69A-316B-FB90969AC04F}.Release|Any CPU.Build.0 = Release|Any CPU
		{F8399FB3-5417-06C3-80B4-80E2109E9B4C}.Debug|Any CPU.ActiveCfg = Debug|Any CPU
		{F8399FB3-5417-06C3-80B4-80E2109E9B4C}.Debug|Any CPU.Build.0 = Debug|Any CPU
		{F8399FB3-5417-06C3-80B4-80E2109E9B4C}.Release|Any CPU.ActiveCfg = Release|Any CPU
		{F8399FB3-5417-06C3-80B4-80E2109E9B4C}.Release|Any CPU.Build.0 = Release|Any CPU
		{441016F2-3F6F-F650-40FF-17FBB4E5809B}.Debug|Any CPU.ActiveCfg = Debug|Any CPU
		{441016F2-3F6F-F650-40FF-17FBB4E5809B}.Debug|Any CPU.Build.0 = Debug|Any CPU
		{441016F2-3F6F-F650-40FF-17FBB4E5809B}.Release|Any CPU.ActiveCfg = Release|Any CPU
		{441016F2-3F6F-F650-40FF-17FBB4E5809B}.Release|Any CPU.Build.0 = Release|Any CPU
		{47C21251-D325-F9FF-613B-6FF7B170CF69}.Debug|Any CPU.ActiveCfg = Debug|Any CPU
		{47C21251-D325-F9FF-613B-6FF7B170CF69}.Debug|Any CPU.Build.0 = Debug|Any CPU
		{47C21251-D325-F9FF-613B-6FF7B170CF69}.Release|Any CPU.ActiveCfg = Release|Any CPU
		{47C21251-D325-F9FF-613B-6FF7B170CF69}.Release|Any CPU.Build.0 = Release|Any CPU
		{4541A5B9-D8BA-7FC3-7026-7E1D54958A93}.Debug|Any CPU.ActiveCfg = Debug|Any CPU
		{4541A5B9-D8BA-7FC3-7026-7E1D54958A93}.Debug|Any CPU.Build.0 = Debug|Any CPU
		{4541A5B9-D8BA-7FC3-7026-7E1D54958A93}.Release|Any CPU.ActiveCfg = Release|Any CPU
		{4541A5B9-D8BA-7FC3-7026-7E1D54958A93}.Release|Any CPU.Build.0 = Release|Any CPU
		{5040482E-5255-AB4B-CD42-EA7B1458DE8A}.Debug|Any CPU.ActiveCfg = Debug|Any CPU
		{5040482E-5255-AB4B-CD42-EA7B1458DE8A}.Debug|Any CPU.Build.0 = Debug|Any CPU
		{5040482E-5255-AB4B-CD42-EA7B1458DE8A}.Release|Any CPU.ActiveCfg = Release|Any CPU
		{5040482E-5255-AB4B-CD42-EA7B1458DE8A}.Release|Any CPU.Build.0 = Release|Any CPU
		{77AD900D-FD7D-91B0-F4A5-B7DD3380484D}.Debug|Any CPU.ActiveCfg = Debug|Any CPU
		{77AD900D-FD7D-91B0-F4A5-B7DD3380484D}.Debug|Any CPU.Build.0 = Debug|Any CPU
		{77AD900D-FD7D-91B0-F4A5-B7DD3380484D}.Release|Any CPU.ActiveCfg = Release|Any CPU
		{77AD900D-FD7D-91B0-F4A5-B7DD3380484D}.Release|Any CPU.Build.0 = Release|Any CPU
		{E822E837-EA02-B2E5-8463-A257C056EE98}.Debug|Any CPU.ActiveCfg = Debug|Any CPU
		{E822E837-EA02-B2E5-8463-A257C056EE98}.Debug|Any CPU.Build.0 = Debug|Any CPU
		{E822E837-EA02-B2E5-8463-A257C056EE98}.Release|Any CPU.ActiveCfg = Release|Any CPU
		{E822E837-EA02-B2E5-8463-A257C056EE98}.Release|Any CPU.Build.0 = Release|Any CPU
		{03B321B3-2D66-F8FA-1146-18280AA7144A}.Debug|Any CPU.ActiveCfg = Debug|Any CPU
		{03B321B3-2D66-F8FA-1146-18280AA7144A}.Debug|Any CPU.Build.0 = Debug|Any CPU
		{03B321B3-2D66-F8FA-1146-18280AA7144A}.Release|Any CPU.ActiveCfg = Release|Any CPU
		{03B321B3-2D66-F8FA-1146-18280AA7144A}.Release|Any CPU.Build.0 = Release|Any CPU
		{BDE0E574-0B79-29A2-E2BC-821920E06B7A}.Debug|Any CPU.ActiveCfg = Debug|Any CPU
		{BDE0E574-0B79-29A2-E2BC-821920E06B7A}.Debug|Any CPU.Build.0 = Debug|Any CPU
		{BDE0E574-0B79-29A2-E2BC-821920E06B7A}.Release|Any CPU.ActiveCfg = Release|Any CPU
		{BDE0E574-0B79-29A2-E2BC-821920E06B7A}.Release|Any CPU.Build.0 = Release|Any CPU
		{BB33860C-FC84-FB00-B1D4-EBEFA97C68DB}.Debug|Any CPU.ActiveCfg = Debug|Any CPU
		{BB33860C-FC84-FB00-B1D4-EBEFA97C68DB}.Debug|Any CPU.Build.0 = Debug|Any CPU
		{BB33860C-FC84-FB00-B1D4-EBEFA97C68DB}.Release|Any CPU.ActiveCfg = Release|Any CPU
		{BB33860C-FC84-FB00-B1D4-EBEFA97C68DB}.Release|Any CPU.Build.0 = Release|Any CPU
		{E449756D-C7A4-A0B0-E569-7848DE4D4D78}.Debug|Any CPU.ActiveCfg = Debug|Any CPU
		{E449756D-C7A4-A0B0-E569-7848DE4D4D78}.Debug|Any CPU.Build.0 = Debug|Any CPU
		{E449756D-C7A4-A0B0-E569-7848DE4D4D78}.Release|Any CPU.ActiveCfg = Release|Any CPU
		{E449756D-C7A4-A0B0-E569-7848DE4D4D78}.Release|Any CPU.Build.0 = Release|Any CPU
		{CC636E64-5C70-47F5-65EE-4FA42CB81EFB}.Debug|Any CPU.ActiveCfg = Debug|Any CPU
		{CC636E64-5C70-47F5-65EE-4FA42CB81EFB}.Debug|Any CPU.Build.0 = Debug|Any CPU
		{CC636E64-5C70-47F5-65EE-4FA42CB81EFB}.Release|Any CPU.ActiveCfg = Release|Any CPU
		{CC636E64-5C70-47F5-65EE-4FA42CB81EFB}.Release|Any CPU.Build.0 = Release|Any CPU
		{99F1AF99-FE3D-5ECA-9D43-0D43E2A0CD70}.Debug|Any CPU.ActiveCfg = Debug|Any CPU
		{99F1AF99-FE3D-5ECA-9D43-0D43E2A0CD70}.Debug|Any CPU.Build.0 = Debug|Any CPU
		{99F1AF99-FE3D-5ECA-9D43-0D43E2A0CD70}.Release|Any CPU.ActiveCfg = Release|Any CPU
		{99F1AF99-FE3D-5ECA-9D43-0D43E2A0CD70}.Release|Any CPU.Build.0 = Release|Any CPU
		{F746069B-506D-F1CC-C2C5-0F9902A2DDBB}.Debug|Any CPU.ActiveCfg = Debug|Any CPU
		{F746069B-506D-F1CC-C2C5-0F9902A2DDBB}.Debug|Any CPU.Build.0 = Debug|Any CPU
		{F746069B-506D-F1CC-C2C5-0F9902A2DDBB}.Release|Any CPU.ActiveCfg = Release|Any CPU
		{F746069B-506D-F1CC-C2C5-0F9902A2DDBB}.Release|Any CPU.Build.0 = Release|Any CPU
		{66797CC6-2298-C64C-651E-8253E651F0B7}.Debug|Any CPU.ActiveCfg = Debug|Any CPU
		{66797CC6-2298-C64C-651E-8253E651F0B7}.Debug|Any CPU.Build.0 = Debug|Any CPU
		{66797CC6-2298-C64C-651E-8253E651F0B7}.Release|Any CPU.ActiveCfg = Release|Any CPU
		{66797CC6-2298-C64C-651E-8253E651F0B7}.Release|Any CPU.Build.0 = Release|Any CPU
		{ACAAEF47-9333-5223-5A0E-FE8E980F10DE}.Debug|Any CPU.ActiveCfg = Debug|Any CPU
		{ACAAEF47-9333-5223-5A0E-FE8E980F10DE}.Debug|Any CPU.Build.0 = Debug|Any CPU
		{ACAAEF47-9333-5223-5A0E-FE8E980F10DE}.Release|Any CPU.ActiveCfg = Release|Any CPU
		{ACAAEF47-9333-5223-5A0E-FE8E980F10DE}.Release|Any CPU.Build.0 = Release|Any CPU
	EndGlobalSection
	GlobalSection(SolutionProperties) = preSolution
		HideSolutionNode = FALSE
	EndGlobalSection
EndGlobal
